
Microsoft Visual Studio Solution File, Format Version 12.00
# Visual Studio 15
VisualStudioVersion = 15.0.27703.2035
MinimumVisualStudioVersion = 10.0.40219.1
Project("{F184B08F-C81C-45F6-A57F-5ABD9991F28F}") = "ConsoleApp1", "ConsoleApp1\ConsoleApp1.vbproj", "{9D833AB4-D946-488B-B6CF-34A07CB2F022}"
EndProject
Project("{F184B08F-C81C-45F6-A57F-5ABD9991F28F}") = "NouveautesVbNet", "NouveautesVbNet\NouveautesVbNet.vbproj", "{9DD32CE8-1A9E-4D7A-8C78-33D844A555DB}"
EndProject
Project("{778DAE3C-4631-46EA-AA77-85C1314464D9}") = "MaLibrarieCommune", "MaLibrarieCommune\MaLibrarieCommune.vbproj", "{59D1EA92-4040-424E-8383-2CD632D7F8B4}"
EndProject
Project("{F184B08F-C81C-45F6-A57F-5ABD9991F28F}") = "MesComposantsUI", "MesComposantsUI\MesComposantsUI.vbproj", "{070B07C6-D187-4BFD-BC61-C4F503109AC3}"
EndProject
Project("{778DAE3C-4631-46EA-AA77-85C1314464D9}") = "TestAppelStandard", "TestAppelStandard\TestAppelStandard.vbproj", "{13D40290-EBBD-473B-9D00-F4A3F3B8B430}"
EndProject
Project("{F184B08F-C81C-45F6-A57F-5ABD9991F28F}") = "DecouverteAsyncAwait", "DecouverteAsyncAwait\DecouverteAsyncAwait.vbproj", "{A3B33AF2-2B80-4B22-8BFA-B82500F9A031}"
EndProject
Project("{F184B08F-C81C-45F6-A57F-5ABD9991F28F}") = "DecouverteAsyncWindows", "DecouverteAsyncWindows\DecouverteAsyncWindows.vbproj", "{5533C0B0-8569-4DCC-902F-B07595C0C2FD}"
EndProject
Project("{F184B08F-C81C-45F6-A57F-5ABD9991F28F}") = "DecouverteBackgroundWorker", "ecouverteBackgroundWorker\DecouverteBackgroundWorker.vbproj", "{A03E766E-044C-4F1A-A8CD-98DDFAF0842D}"
EndProject
Project("{F184B08F-C81C-45F6-A57F-5ABD9991F28F}") = "APprentissageMethodesExtensions", "APprentissageMethodesExtensions\APprentissageMethodesExtensions.vbproj", "{3E83BA7C-EE62-4F28-92E3-CD398D54103F}"
EndProject
Project("{F184B08F-C81C-45F6-A57F-5ABD9991F28F}") = "UtilisationDelegues", "UtilisationDelegues\UtilisationDelegues.vbproj", "{4C3E1075-2B69-472D-AC7F-045FEDDC3B13}"
EndProject
Project("{F184B08F-C81C-45F6-A57F-5ABD9991F28F}") = "AttaqueDesClones", "AttaqueDesClones\AttaqueDesClones.vbproj", "{B4270DD5-54F7-42A8-9BC0-DE0AA3FB276D}"
EndProject
Project("{F184B08F-C81C-45F6-A57F-5ABD9991F28F}") = "MesPremiersPasAvecLinQ", "MesPremiersPasAvecLinQ\MesPremiersPasAvecLinQ.vbproj", "{FBBFD660-96BC-4349-AAA1-572314F3CDCE}"
EndProject
Project("{FAE04EC0-301F-11D3-BF4B-00C04F79EFBC}") = "DecouverteWPF", "DecouverteWPF\DecouverteWPF.csproj", "{978997E0-4811-4BBB-ACEE-19847C514755}"
EndProject
Project("{FAE04EC0-301F-11D3-BF4B-00C04F79EFBC}") = "App1", "App1\App1.csproj", "{78873FEF-E083-4C09-A795-24C9850DAC6E}"
EndProject
Global
	GlobalSection(SolutionConfigurationPlatforms) = preSolution
		Debug|Any CPU = Debug|Any CPU
		Debug|ARM = Debug|ARM
		Debug|x64 = Debug|x64
		Debug|x86 = Debug|x86
		Release|Any CPU = Release|Any CPU
		Release|ARM = Release|ARM
		Release|x64 = Release|x64
		Release|x86 = Release|x86
	EndGlobalSection
	GlobalSection(ProjectConfigurationPlatforms) = postSolution
		{9D833AB4-D946-488B-B6CF-34A07CB2F022}.Debug|Any CPU.ActiveCfg = Debug|Any CPU
		{9D833AB4-D946-488B-B6CF-34A07CB2F022}.Debug|Any CPU.Build.0 = Debug|Any CPU
		{9D833AB4-D946-488B-B6CF-34A07CB2F022}.Debug|ARM.ActiveCfg = Debug|Any CPU
		{9D833AB4-D946-488B-B6CF-34A07CB2F022}.Debug|ARM.Build.0 = Debug|Any CPU
		{9D833AB4-D946-488B-B6CF-34A07CB2F022}.Debug|x64.ActiveCfg = Debug|Any CPU
		{9D833AB4-D946-488B-B6CF-34A07CB2F022}.Debug|x64.Build.0 = Debug|Any CPU
		{9D833AB4-D946-488B-B6CF-34A07CB2F022}.Debug|x86.ActiveCfg = Debug|Any CPU
		{9D833AB4-D946-488B-B6CF-34A07CB2F022}.Debug|x86.Build.0 = Debug|Any CPU
		{9D833AB4-D946-488B-B6CF-34A07CB2F022}.Release|Any CPU.ActiveCfg = Release|Any CPU
		{9D833AB4-D946-488B-B6CF-34A07CB2F022}.Release|Any CPU.Build.0 = Release|Any CPU
		{9D833AB4-D946-488B-B6CF-34A07CB2F022}.Release|ARM.ActiveCfg = Release|Any CPU
		{9D833AB4-D946-488B-B6CF-34A07CB2F022}.Release|ARM.Build.0 = Release|Any CPU
		{9D833AB4-D946-488B-B6CF-34A07CB2F022}.Release|x64.ActiveCfg = Release|Any CPU
		{9D833AB4-D946-488B-B6CF-34A07CB2F022}.Release|x64.Build.0 = Release|Any CPU
		{9D833AB4-D946-488B-B6CF-34A07CB2F022}.Release|x86.ActiveCfg = Release|Any CPU
		{9D833AB4-D946-488B-B6CF-34A07CB2F022}.Release|x86.Build.0 = Release|Any CPU
		{9DD32CE8-1A9E-4D7A-8C78-33D844A555DB}.Debug|Any CPU.ActiveCfg = Debug|Any CPU
		{9DD32CE8-1A9E-4D7A-8C78-33D844A555DB}.Debug|Any CPU.Build.0 = Debug|Any CPU
		{9DD32CE8-1A9E-4D7A-8C78-33D844A555DB}.Debug|ARM.ActiveCfg = Debug|Any CPU
		{9DD32CE8-1A9E-4D7A-8C78-33D844A555DB}.Debug|ARM.Build.0 = Debug|Any CPU
		{9DD32CE8-1A9E-4D7A-8C78-33D844A555DB}.Debug|x64.ActiveCfg = Debug|Any CPU
		{9DD32CE8-1A9E-4D7A-8C78-33D844A555DB}.Debug|x64.Build.0 = Debug|Any CPU
		{9DD32CE8-1A9E-4D7A-8C78-33D844A555DB}.Debug|x86.ActiveCfg = Debug|Any CPU
		{9DD32CE8-1A9E-4D7A-8C78-33D844A555DB}.Debug|x86.Build.0 = Debug|Any CPU
		{9DD32CE8-1A9E-4D7A-8C78-33D844A555DB}.Release|Any CPU.ActiveCfg = Release|Any CPU
		{9DD32CE8-1A9E-4D7A-8C78-33D844A555DB}.Release|Any CPU.Build.0 = Release|Any CPU
		{9DD32CE8-1A9E-4D7A-8C78-33D844A555DB}.Release|ARM.ActiveCfg = Release|Any CPU
		{9DD32CE8-1A9E-4D7A-8C78-33D844A555DB}.Release|ARM.Build.0 = Release|Any CPU
		{9DD32CE8-1A9E-4D7A-8C78-33D844A555DB}.Release|x64.ActiveCfg = Release|Any CPU
		{9DD32CE8-1A9E-4D7A-8C78-33D844A555DB}.Release|x64.Build.0 = Release|Any CPU
		{9DD32CE8-1A9E-4D7A-8C78-33D844A555DB}.Release|x86.ActiveCfg = Release|Any CPU
		{9DD32CE8-1A9E-4D7A-8C78-33D844A555DB}.Release|x86.Build.0 = Release|Any CPU
		{59D1EA92-4040-424E-8383-2CD632D7F8B4}.Debug|Any CPU.ActiveCfg = Debug|Any CPU
		{59D1EA92-4040-424E-8383-2CD632D7F8B4}.Debug|Any CPU.Build.0 = Debug|Any CPU
		{59D1EA92-4040-424E-8383-2CD632D7F8B4}.Debug|ARM.ActiveCfg = Debug|Any CPU
		{59D1EA92-4040-424E-8383-2CD632D7F8B4}.Debug|ARM.Build.0 = Debug|Any CPU
		{59D1EA92-4040-424E-8383-2CD632D7F8B4}.Debug|x64.ActiveCfg = Debug|Any CPU
		{59D1EA92-4040-424E-8383-2CD632D7F8B4}.Debug|x64.Build.0 = Debug|Any CPU
		{59D1EA92-4040-424E-8383-2CD632D7F8B4}.Debug|x86.ActiveCfg = Debug|Any CPU
		{59D1EA92-4040-424E-8383-2CD632D7F8B4}.Debug|x86.Build.0 = Debug|Any CPU
		{59D1EA92-4040-424E-8383-2CD632D7F8B4}.Release|Any CPU.ActiveCfg = Release|Any CPU
		{59D1EA92-4040-424E-8383-2CD632D7F8B4}.Release|Any CPU.Build.0 = Release|Any CPU
		{59D1EA92-4040-424E-8383-2CD632D7F8B4}.Release|ARM.ActiveCfg = Release|Any CPU
		{59D1EA92-4040-424E-8383-2CD632D7F8B4}.Release|ARM.Build.0 = Release|Any CPU
		{59D1EA92-4040-424E-8383-2CD632D7F8B4}.Release|x64.ActiveCfg = Release|Any CPU
		{59D1EA92-4040-424E-8383-2CD632D7F8B4}.Release|x64.Build.0 = Release|Any CPU
		{59D1EA92-4040-424E-8383-2CD632D7F8B4}.Release|x86.ActiveCfg = Release|Any CPU
		{59D1EA92-4040-424E-8383-2CD632D7F8B4}.Release|x86.Build.0 = Release|Any CPU
		{070B07C6-D187-4BFD-BC61-C4F503109AC3}.Debug|Any CPU.ActiveCfg = Debug|Any CPU
		{070B07C6-D187-4BFD-BC61-C4F503109AC3}.Debug|Any CPU.Build.0 = Debug|Any CPU
		{070B07C6-D187-4BFD-BC61-C4F503109AC3}.Debug|ARM.ActiveCfg = Debug|Any CPU
		{070B07C6-D187-4BFD-BC61-C4F503109AC3}.Debug|ARM.Build.0 = Debug|Any CPU
		{070B07C6-D187-4BFD-BC61-C4F503109AC3}.Debug|x64.ActiveCfg = Debug|Any CPU
		{070B07C6-D187-4BFD-BC61-C4F503109AC3}.Debug|x64.Build.0 = Debug|Any CPU
		{070B07C6-D187-4BFD-BC61-C4F503109AC3}.Debug|x86.ActiveCfg = Debug|Any CPU
		{070B07C6-D187-4BFD-BC61-C4F503109AC3}.Debug|x86.Build.0 = Debug|Any CPU
		{070B07C6-D187-4BFD-BC61-C4F503109AC3}.Release|Any CPU.ActiveCfg = Release|Any CPU
		{070B07C6-D187-4BFD-BC61-C4F503109AC3}.Release|Any CPU.Build.0 = Release|Any CPU
		{070B07C6-D187-4BFD-BC61-C4F503109AC3}.Release|ARM.ActiveCfg = Release|Any CPU
		{070B07C6-D187-4BFD-BC61-C4F503109AC3}.Release|ARM.Build.0 = Release|Any CPU
		{070B07C6-D187-4BFD-BC61-C4F503109AC3}.Release|x64.ActiveCfg = Release|Any CPU
		{070B07C6-D187-4BFD-BC61-C4F503109AC3}.Release|x64.Build.0 = Release|Any CPU
		{070B07C6-D187-4BFD-BC61-C4F503109AC3}.Release|x86.ActiveCfg = Release|Any CPU
		{070B07C6-D187-4BFD-BC61-C4F503109AC3}.Release|x86.Build.0 = Release|Any CPU
		{13D40290-EBBD-473B-9D00-F4A3F3B8B430}.Debug|Any CPU.ActiveCfg = Debug|Any CPU
		{13D40290-EBBD-473B-9D00-F4A3F3B8B430}.Debug|Any CPU.Build.0 = Debug|Any CPU
		{13D40290-EBBD-473B-9D00-F4A3F3B8B430}.Debug|ARM.ActiveCfg = Debug|Any CPU
		{13D40290-EBBD-473B-9D00-F4A3F3B8B430}.Debug|ARM.Build.0 = Debug|Any CPU
		{13D40290-EBBD-473B-9D00-F4A3F3B8B430}.Debug|x64.ActiveCfg = Debug|Any CPU
		{13D40290-EBBD-473B-9D00-F4A3F3B8B430}.Debug|x64.Build.0 = Debug|Any CPU
		{13D40290-EBBD-473B-9D00-F4A3F3B8B430}.Debug|x86.ActiveCfg = Debug|Any CPU
		{13D40290-EBBD-473B-9D00-F4A3F3B8B430}.Debug|x86.Build.0 = Debug|Any CPU
		{13D40290-EBBD-473B-9D00-F4A3F3B8B430}.Release|Any CPU.ActiveCfg = Release|Any CPU
		{13D40290-EBBD-473B-9D00-F4A3F3B8B430}.Release|Any CPU.Build.0 = Release|Any CPU
		{13D40290-EBBD-473B-9D00-F4A3F3B8B430}.Release|ARM.ActiveCfg = Release|Any CPU
		{13D40290-EBBD-473B-9D00-F4A3F3B8B430}.Release|ARM.Build.0 = Release|Any CPU
		{13D40290-EBBD-473B-9D00-F4A3F3B8B430}.Release|x64.ActiveCfg = Release|Any CPU
		{13D40290-EBBD-473B-9D00-F4A3F3B8B430}.Release|x64.Build.0 = Release|Any CPU
		{13D40290-EBBD-473B-9D00-F4A3F3B8B430}.Release|x86.ActiveCfg = Release|Any CPU
		{13D40290-EBBD-473B-9D00-F4A3F3B8B430}.Release|x86.Build.0 = Release|Any CPU
		{A3B33AF2-2B80-4B22-8BFA-B82500F9A031}.Debug|Any CPU.ActiveCfg = Debug|Any CPU
		{A3B33AF2-2B80-4B22-8BFA-B82500F9A031}.Debug|Any CPU.Build.0 = Debug|Any CPU
		{A3B33AF2-2B80-4B22-8BFA-B82500F9A031}.Debug|ARM.ActiveCfg = Debug|Any CPU
		{A3B33AF2-2B80-4B22-8BFA-B82500F9A031}.Debug|ARM.Build.0 = Debug|Any CPU
		{A3B33AF2-2B80-4B22-8BFA-B82500F9A031}.Debug|x64.ActiveCfg = Debug|Any CPU
		{A3B33AF2-2B80-4B22-8BFA-B82500F9A031}.Debug|x64.Build.0 = Debug|Any CPU
		{A3B33AF2-2B80-4B22-8BFA-B82500F9A031}.Debug|x86.ActiveCfg = Debug|Any CPU
		{A3B33AF2-2B80-4B22-8BFA-B82500F9A031}.Debug|x86.Build.0 = Debug|Any CPU
		{A3B33AF2-2B80-4B22-8BFA-B82500F9A031}.Release|Any CPU.ActiveCfg = Release|Any CPU
		{A3B33AF2-2B80-4B22-8BFA-B82500F9A031}.Release|Any CPU.Build.0 = Release|Any CPU
		{A3B33AF2-2B80-4B22-8BFA-B82500F9A031}.Release|ARM.ActiveCfg = Release|Any CPU
		{A3B33AF2-2B80-4B22-8BFA-B82500F9A031}.Release|ARM.Build.0 = Release|Any CPU
		{A3B33AF2-2B80-4B22-8BFA-B82500F9A031}.Release|x64.ActiveCfg = Release|Any CPU
		{A3B33AF2-2B80-4B22-8BFA-B82500F9A031}.Release|x64.Build.0 = Release|Any CPU
		{A3B33AF2-2B80-4B22-8BFA-B82500F9A031}.Release|x86.ActiveCfg = Release|Any CPU
		{A3B33AF2-2B80-4B22-8BFA-B82500F9A031}.Release|x86.Build.0 = Release|Any CPU
		{5533C0B0-8569-4DCC-902F-B07595C0C2FD}.Debug|Any CPU.ActiveCfg = Debug|Any CPU
		{5533C0B0-8569-4DCC-902F-B07595C0C2FD}.Debug|Any CPU.Build.0 = Debug|Any CPU
		{5533C0B0-8569-4DCC-902F-B07595C0C2FD}.Debug|ARM.ActiveCfg = Debug|Any CPU
		{5533C0B0-8569-4DCC-902F-B07595C0C2FD}.Debug|ARM.Build.0 = Debug|Any CPU
		{5533C0B0-8569-4DCC-902F-B07595C0C2FD}.Debug|x64.ActiveCfg = Debug|Any CPU
		{5533C0B0-8569-4DCC-902F-B07595C0C2FD}.Debug|x64.Build.0 = Debug|Any CPU
		{5533C0B0-8569-4DCC-902F-B07595C0C2FD}.Debug|x86.ActiveCfg = Debug|Any CPU
		{5533C0B0-8569-4DCC-902F-B07595C0C2FD}.Debug|x86.Build.0 = Debug|Any CPU
		{5533C0B0-8569-4DCC-902F-B07595C0C2FD}.Release|Any CPU.ActiveCfg = Release|Any CPU
		{5533C0B0-8569-4DCC-902F-B07595C0C2FD}.Release|Any CPU.Build.0 = Release|Any CPU
		{5533C0B0-8569-4DCC-902F-B07595C0C2FD}.Release|ARM.ActiveCfg = Release|Any CPU
		{5533C0B0-8569-4DCC-902F-B07595C0C2FD}.Release|ARM.Build.0 = Release|Any CPU
		{5533C0B0-8569-4DCC-902F-B07595C0C2FD}.Release|x64.ActiveCfg = Release|Any CPU
		{5533C0B0-8569-4DCC-902F-B07595C0C2FD}.Release|x64.Build.0 = Release|Any CPU
		{5533C0B0-8569-4DCC-902F-B07595C0C2FD}.Release|x86.ActiveCfg = Release|Any CPU
		{5533C0B0-8569-4DCC-902F-B07595C0C2FD}.Release|x86.Build.0 = Release|Any CPU
		{A03E766E-044C-4F1A-A8CD-98DDFAF0842D}.Debug|Any CPU.ActiveCfg = Debug|Any CPU
		{A03E766E-044C-4F1A-A8CD-98DDFAF0842D}.Debug|Any CPU.Build.0 = Debug|Any CPU
		{A03E766E-044C-4F1A-A8CD-98DDFAF0842D}.Debug|ARM.ActiveCfg = Debug|Any CPU
		{A03E766E-044C-4F1A-A8CD-98DDFAF0842D}.Debug|ARM.Build.0 = Debug|Any CPU
		{A03E766E-044C-4F1A-A8CD-98DDFAF0842D}.Debug|x64.ActiveCfg = Debug|Any CPU
		{A03E766E-044C-4F1A-A8CD-98DDFAF0842D}.Debug|x64.Build.0 = Debug|Any CPU
		{A03E766E-044C-4F1A-A8CD-98DDFAF0842D}.Debug|x86.ActiveCfg = Debug|Any CPU
		{A03E766E-044C-4F1A-A8CD-98DDFAF0842D}.Debug|x86.Build.0 = Debug|Any CPU
		{A03E766E-044C-4F1A-A8CD-98DDFAF0842D}.Release|Any CPU.ActiveCfg = Release|Any CPU
		{A03E766E-044C-4F1A-A8CD-98DDFAF0842D}.Release|Any CPU.Build.0 = Release|Any CPU
		{A03E766E-044C-4F1A-A8CD-98DDFAF0842D}.Release|ARM.ActiveCfg = Release|Any CPU
		{A03E766E-044C-4F1A-A8CD-98DDFAF0842D}.Release|ARM.Build.0 = Release|Any CPU
		{A03E766E-044C-4F1A-A8CD-98DDFAF0842D}.Release|x64.ActiveCfg = Release|Any CPU
		{A03E766E-044C-4F1A-A8CD-98DDFAF0842D}.Release|x64.Build.0 = Release|Any CPU
		{A03E766E-044C-4F1A-A8CD-98DDFAF0842D}.Release|x86.ActiveCfg = Release|Any CPU
		{A03E766E-044C-4F1A-A8CD-98DDFAF0842D}.Release|x86.Build.0 = Release|Any CPU
		{3E83BA7C-EE62-4F28-92E3-CD398D54103F}.Debug|Any CPU.ActiveCfg = Debug|Any CPU
		{3E83BA7C-EE62-4F28-92E3-CD398D54103F}.Debug|Any CPU.Build.0 = Debug|Any CPU
		{3E83BA7C-EE62-4F28-92E3-CD398D54103F}.Debug|ARM.ActiveCfg = Debug|Any CPU
		{3E83BA7C-EE62-4F28-92E3-CD398D54103F}.Debug|ARM.Build.0 = Debug|Any CPU
		{3E83BA7C-EE62-4F28-92E3-CD398D54103F}.Debug|x64.ActiveCfg = Debug|Any CPU
		{3E83BA7C-EE62-4F28-92E3-CD398D54103F}.Debug|x64.Build.0 = Debug|Any CPU
		{3E83BA7C-EE62-4F28-92E3-CD398D54103F}.Debug|x86.ActiveCfg = Debug|Any CPU
		{3E83BA7C-EE62-4F28-92E3-CD398D54103F}.Debug|x86.Build.0 = Debug|Any CPU
		{3E83BA7C-EE62-4F28-92E3-CD398D54103F}.Release|Any CPU.ActiveCfg = Release|Any CPU
		{3E83BA7C-EE62-4F28-92E3-CD398D54103F}.Release|Any CPU.Build.0 = Release|Any CPU
		{3E83BA7C-EE62-4F28-92E3-CD398D54103F}.Release|ARM.ActiveCfg = Release|Any CPU
		{3E83BA7C-EE62-4F28-92E3-CD398D54103F}.Release|ARM.Build.0 = Release|Any CPU
		{3E83BA7C-EE62-4F28-92E3-CD398D54103F}.Release|x64.ActiveCfg = Release|Any CPU
		{3E83BA7C-EE62-4F28-92E3-CD398D54103F}.Release|x64.Build.0 = Release|Any CPU
		{3E83BA7C-EE62-4F28-92E3-CD398D54103F}.Release|x86.ActiveCfg = Release|Any CPU
		{3E83BA7C-EE62-4F28-92E3-CD398D54103F}.Release|x86.Build.0 = Release|Any CPU
		{4C3E1075-2B69-472D-AC7F-045FEDDC3B13}.Debug|Any CPU.ActiveCfg = Debug|Any CPU
		{4C3E1075-2B69-472D-AC7F-045FEDDC3B13}.Debug|Any CPU.Build.0 = Debug|Any CPU
		{4C3E1075-2B69-472D-AC7F-045FEDDC3B13}.Debug|ARM.ActiveCfg = Debug|Any CPU
		{4C3E1075-2B69-472D-AC7F-045FEDDC3B13}.Debug|ARM.Build.0 = Debug|Any CPU
		{4C3E1075-2B69-472D-AC7F-045FEDDC3B13}.Debug|x64.ActiveCfg = Debug|Any CPU
		{4C3E1075-2B69-472D-AC7F-045FEDDC3B13}.Debug|x64.Build.0 = Debug|Any CPU
		{4C3E1075-2B69-472D-AC7F-045FEDDC3B13}.Debug|x86.ActiveCfg = Debug|Any CPU
		{4C3E1075-2B69-472D-AC7F-045FEDDC3B13}.Debug|x86.Build.0 = Debug|Any CPU
		{4C3E1075-2B69-472D-AC7F-045FEDDC3B13}.Release|Any CPU.ActiveCfg = Release|Any CPU
		{4C3E1075-2B69-472D-AC7F-045FEDDC3B13}.Release|Any CPU.Build.0 = Release|Any CPU
		{4C3E1075-2B69-472D-AC7F-045FEDDC3B13}.Release|ARM.ActiveCfg = Release|Any CPU
		{4C3E1075-2B69-472D-AC7F-045FEDDC3B13}.Release|ARM.Build.0 = Release|Any CPU
		{4C3E1075-2B69-472D-AC7F-045FEDDC3B13}.Release|x64.ActiveCfg = Release|Any CPU
		{4C3E1075-2B69-472D-AC7F-045FEDDC3B13}.Release|x64.Build.0 = Release|Any CPU
		{4C3E1075-2B69-472D-AC7F-045FEDDC3B13}.Release|x86.ActiveCfg = Release|Any CPU
		{4C3E1075-2B69-472D-AC7F-045FEDDC3B13}.Release|x86.Build.0 = Release|Any CPU
		{B4270DD5-54F7-42A8-9BC0-DE0AA3FB276D}.Debug|Any CPU.ActiveCfg = Debug|Any CPU
		{B4270DD5-54F7-42A8-9BC0-DE0AA3FB276D}.Debug|Any CPU.Build.0 = Debug|Any CPU
		{B4270DD5-54F7-42A8-9BC0-DE0AA3FB276D}.Debug|ARM.ActiveCfg = Debug|Any CPU
		{B4270DD5-54F7-42A8-9BC0-DE0AA3FB276D}.Debug|ARM.Build.0 = Debug|Any CPU
		{B4270DD5-54F7-42A8-9BC0-DE0AA3FB276D}.Debug|x64.ActiveCfg = Debug|Any CPU
		{B4270DD5-54F7-42A8-9BC0-DE0AA3FB276D}.Debug|x64.Build.0 = Debug|Any CPU
		{B4270DD5-54F7-42A8-9BC0-DE0AA3FB276D}.Debug|x86.ActiveCfg = Debug|Any CPU
		{B4270DD5-54F7-42A8-9BC0-DE0AA3FB276D}.Debug|x86.Build.0 = Debug|Any CPU
		{B4270DD5-54F7-42A8-9BC0-DE0AA3FB276D}.Release|Any CPU.ActiveCfg = Release|Any CPU
		{B4270DD5-54F7-42A8-9BC0-DE0AA3FB276D}.Release|Any CPU.Build.0 = Release|Any CPU
		{B4270DD5-54F7-42A8-9BC0-DE0AA3FB276D}.Release|ARM.ActiveCfg = Release|Any CPU
		{B4270DD5-54F7-42A8-9BC0-DE0AA3FB276D}.Release|ARM.Build.0 = Release|Any CPU
		{B4270DD5-54F7-42A8-9BC0-DE0AA3FB276D}.Release|x64.ActiveCfg = Release|Any CPU
		{B4270DD5-54F7-42A8-9BC0-DE0AA3FB276D}.Release|x64.Build.0 = Release|Any CPU
		{B4270DD5-54F7-42A8-9BC0-DE0AA3FB276D}.Release|x86.ActiveCfg = Release|Any CPU
		{B4270DD5-54F7-42A8-9BC0-DE0AA3FB276D}.Release|x86.Build.0 = Release|Any CPU
		{FBBFD660-96BC-4349-AAA1-572314F3CDCE}.Debug|Any CPU.ActiveCfg = Debug|Any CPU
		{FBBFD660-96BC-4349-AAA1-572314F3CDCE}.Debug|Any CPU.Build.0 = Debug|Any CPU
		{FBBFD660-96BC-4349-AAA1-572314F3CDCE}.Debug|ARM.ActiveCfg = Debug|Any CPU
		{FBBFD660-96BC-4349-AAA1-572314F3CDCE}.Debug|ARM.Build.0 = Debug|Any CPU
		{FBBFD660-96BC-4349-AAA1-572314F3CDCE}.Debug|x64.ActiveCfg = Debug|Any CPU
		{FBBFD660-96BC-4349-AAA1-572314F3CDCE}.Debug|x64.Build.0 = Debug|Any CPU
		{FBBFD660-96BC-4349-AAA1-572314F3CDCE}.Debug|x86.ActiveCfg = Debug|Any CPU
		{FBBFD660-96BC-4349-AAA1-572314F3CDCE}.Debug|x86.Build.0 = Debug|Any CPU
		{FBBFD660-96BC-4349-AAA1-572314F3CDCE}.Release|Any CPU.ActiveCfg = Release|Any CPU
		{FBBFD660-96BC-4349-AAA1-572314F3CDCE}.Release|Any CPU.Build.0 = Release|Any CPU
		{FBBFD660-96BC-4349-AAA1-572314F3CDCE}.Release|ARM.ActiveCfg = Release|Any CPU
		{FBBFD660-96BC-4349-AAA1-572314F3CDCE}.Release|ARM.Build.0 = Release|Any CPU
		{FBBFD660-96BC-4349-AAA1-572314F3CDCE}.Release|x64.ActiveCfg = Release|Any CPU
		{FBBFD660-96BC-4349-AAA1-572314F3CDCE}.Release|x64.Build.0 = Release|Any CPU
		{FBBFD660-96BC-4349-AAA1-572314F3CDCE}.Release|x86.ActiveCfg = Release|Any CPU
		{FBBFD660-96BC-4349-AAA1-572314F3CDCE}.Release|x86.Build.0 = Release|Any CPU
		{978997E0-4811-4BBB-ACEE-19847C514755}.Debug|Any CPU.ActiveCfg = Debug|Any CPU
		{978997E0-4811-4BBB-ACEE-19847C514755}.Debug|Any CPU.Build.0 = Debug|Any CPU
		{978997E0-4811-4BBB-ACEE-19847C514755}.Debug|ARM.ActiveCfg = Debug|Any CPU
		{978997E0-4811-4BBB-ACEE-19847C514755}.Debug|ARM.Build.0 = Debug|Any CPU
		{978997E0-4811-4BBB-ACEE-19847C514755}.Debug|x64.ActiveCfg = Debug|Any CPU
		{978997E0-4811-4BBB-ACEE-19847C514755}.Debug|x64.Build.0 = Debug|Any CPU
		{978997E0-4811-4BBB-ACEE-19847C514755}.Debug|x86.ActiveCfg = Debug|Any CPU
		{978997E0-4811-4BBB-ACEE-19847C514755}.Debug|x86.Build.0 = Debug|Any CPU
		{978997E0-4811-4BBB-ACEE-19847C514755}.Release|Any CPU.ActiveCfg = Release|Any CPU
		{978997E0-4811-4BBB-ACEE-19847C514755}.Release|Any CPU.Build.0 = Release|Any CPU
		{978997E0-4811-4BBB-ACEE-19847C514755}.Release|ARM.ActiveCfg = Release|Any CPU
		{978997E0-4811-4BBB-ACEE-19847C514755}.Release|ARM.Build.0 = Release|Any CPU
		{978997E0-4811-4BBB-ACEE-19847C514755}.Release|x64.ActiveCfg = Release|Any CPU
		{978997E0-4811-4BBB-ACEE-19847C514755}.Release|x64.Build.0 = Release|Any CPU
		{978997E0-4811-4BBB-ACEE-19847C514755}.Release|x86.ActiveCfg = Release|Any CPU
		{978997E0-4811-4BBB-ACEE-19847C514755}.Release|x86.Build.0 = Release|Any CPU
		{78873FEF-E083-4C09-A795-24C9850DAC6E}.Debug|Any CPU.ActiveCfg = Debug|x86
		{78873FEF-E083-4C09-A795-24C9850DAC6E}.Debug|ARM.ActiveCfg = Debug|ARM
		{78873FEF-E083-4C09-A795-24C9850DAC6E}.Debug|ARM.Build.0 = Debug|ARM
		{78873FEF-E083-4C09-A795-24C9850DAC6E}.Debug|ARM.Deploy.0 = Debug|ARM
		{78873FEF-E083-4C09-A795-24C9850DAC6E}.Debug|x64.ActiveCfg = Debug|x64
		{78873FEF-E083-4C09-A795-24C9850DAC6E}.Debug|x64.Build.0 = Debug|x64
		{78873FEF-E083-4C09-A795-24C9850DAC6E}.Debug|x64.Deploy.0 = Debug|x64
		{78873FEF-E083-4C09-A795-24C9850DAC6E}.Debug|x86.ActiveCfg = Debug|x86
		{78873FEF-E083-4C09-A795-24C9850DAC6E}.Debug|x86.Build.0 = Debug|x86
		{78873FEF-E083-4C09-A795-24C9850DAC6E}.Debug|x86.Deploy.0 = Debug|x86
		{78873FEF-E083-4C09-A795-24C9850DAC6E}.Release|Any CPU.ActiveCfg = Release|x86
		{78873FEF-E083-4C09-A795-24C9850DAC6E}.Release|ARM.ActiveCfg = Release|ARM
		{78873FEF-E083-4C09-A795-24C9850DAC6E}.Release|ARM.Build.0 = Release|ARM
		{78873FEF-E083-4C09-A795-24C9850DAC6E}.Release|ARM.Deploy.0 = Release|ARM
		{78873FEF-E083-4C09-A795-24C9850DAC6E}.Release|x64.ActiveCfg = Release|x64
		{78873FEF-E083-4C09-A795-24C9850DAC6E}.Release|x64.Build.0 = Release|x64
		{78873FEF-E083-4C09-A795-24C9850DAC6E}.Release|x64.Deploy.0 = Release|x64
		{78873FEF-E083-4C09-A795-24C9850DAC6E}.Release|x86.ActiveCfg = Release|x86
		{78873FEF-E083-4C09-A795-24C9850DAC6E}.Release|x86.Build.0 = Release|x86
		{78873FEF-E083-4C09-A795-24C9850DAC6E}.Release|x86.Deploy.0 = Release|x86
	EndGlobalSection
	GlobalSection(SolutionProperties) = preSolution
		HideSolutionNode = FALSE
	EndGlobalSection
	GlobalSection(ExtensibilityGlobals) = postSolution
		SolutionGuid = {263498B9-077C-454D-9A6F-75CBAD9BE84E}
	EndGlobalSection
EndGlobal
